
Microsoft Visual Studio Solution File, Format Version 11.00
# Visual Studio 2010
Project("{2150E333-8FDC-42A3-9474-1A3956D46DE8}") = "HeartBeat", "HeartBeat", "{13C284B6-BF62-4D51-AEB7-DC6CD469A8D2}"
EndProject
Project("{FAE04EC0-301F-11D3-BF4B-00C04F79EFBC}") = "Common", "Common\Common.csproj", "{11A72E1B-F0EE-4FBD-B13B-68ABC482AC09}"
EndProject
Project("{FAE04EC0-301F-11D3-BF4B-00C04F79EFBC}") = "HeartBeatService", "HeartBeatService\HeartBeatService.csproj", "{F79CC825-F94E-4A6E-A0DC-9C4D44799C4E}"
EndProject
Project("{FAE04EC0-301F-11D3-BF4B-00C04F79EFBC}") = "SearhService", "SearhService\SearhService.csproj", "{18B375DA-E94F-408C-9D64-ED65CC298382}"
EndProject
Project("{FAE04EC0-301F-11D3-BF4B-00C04F79EFBC}") = "Test", "Test\Test.csproj", "{3947E7BD-C78C-430B-AC7F-1B0426FF1779}"
EndProject
Project("{FAE04EC0-301F-11D3-BF4B-00C04F79EFBC}") = "LoadDBServcie", "LoadDBServcie\LoadDBServcie.csproj", "{A0358A52-39B5-401B-87F3-41C28747FAE2}"
EndProject
Project("{FAE04EC0-301F-11D3-BF4B-00C04F79EFBC}") = "ClientService", "ClientService\ClientService.csproj", "{CE60917C-4539-416C-A4B6-FCF822E56A48}"
EndProject
Global
	GlobalSection(SolutionConfigurationPlatforms) = preSolution
		Debug|Any CPU = Debug|Any CPU
		Debug|Mixed Platforms = Debug|Mixed Platforms
		Debug|x86 = Debug|x86
		Release|Any CPU = Release|Any CPU
		Release|Mixed Platforms = Release|Mixed Platforms
		Release|x86 = Release|x86
	EndGlobalSection
	GlobalSection(ProjectConfigurationPlatforms) = postSolution
		{11A72E1B-F0EE-4FBD-B13B-68ABC482AC09}.Debug|Any CPU.ActiveCfg = Debug|Any CPU
		{11A72E1B-F0EE-4FBD-B13B-68ABC482AC09}.Debug|Any CPU.Build.0 = Debug|Any CPU
		{11A72E1B-F0EE-4FBD-B13B-68ABC482AC09}.Debug|Mixed Platforms.ActiveCfg = Debug|Any CPU
		{11A72E1B-F0EE-4FBD-B13B-68ABC482AC09}.Debug|Mixed Platforms.Build.0 = Debug|Any CPU
		{11A72E1B-F0EE-4FBD-B13B-68ABC482AC09}.Debug|x86.ActiveCfg = Debug|Any CPU
		{11A72E1B-F0EE-4FBD-B13B-68ABC482AC09}.Release|Any CPU.ActiveCfg = Release|Any CPU
		{11A72E1B-F0EE-4FBD-B13B-68ABC482AC09}.Release|Any CPU.Build.0 = Release|Any CPU
		{11A72E1B-F0EE-4FBD-B13B-68ABC482AC09}.Release|Mixed Platforms.ActiveCfg = Release|Any CPU
		{11A72E1B-F0EE-4FBD-B13B-68ABC482AC09}.Release|Mixed Platforms.Build.0 = Release|Any CPU
		{11A72E1B-F0EE-4FBD-B13B-68ABC482AC09}.Release|x86.ActiveCfg = Release|Any CPU
		{F79CC825-F94E-4A6E-A0DC-9C4D44799C4E}.Debug|Any CPU.ActiveCfg = Debug|Any CPU
		{F79CC825-F94E-4A6E-A0DC-9C4D44799C4E}.Debug|Any CPU.Build.0 = Debug|Any CPU
		{F79CC825-F94E-4A6E-A0DC-9C4D44799C4E}.Debug|Mixed Platforms.ActiveCfg = Debug|Any CPU
		{F79CC825-F94E-4A6E-A0DC-9C4D44799C4E}.Debug|Mixed Platforms.Build.0 = Debug|Any CPU
		{F79CC825-F94E-4A6E-A0DC-9C4D44799C4E}.Debug|x86.ActiveCfg = Debug|Any CPU
		{F79CC825-F94E-4A6E-A0DC-9C4D44799C4E}.Release|Any CPU.ActiveCfg = Release|Any CPU
		{F79CC825-F94E-4A6E-A0DC-9C4D44799C4E}.Release|Any CPU.Build.0 = Release|Any CPU
		{F79CC825-F94E-4A6E-A0DC-9C4D44799C4E}.Release|Mixed Platforms.ActiveCfg = Release|Any CPU
		{F79CC825-F94E-4A6E-A0DC-9C4D44799C4E}.Release|Mixed Platforms.Build.0 = Release|Any CPU
		{F79CC825-F94E-4A6E-A0DC-9C4D44799C4E}.Release|x86.ActiveCfg = Release|Any CPU
		{18B375DA-E94F-408C-9D64-ED65CC298382}.Debug|Any CPU.ActiveCfg = Debug|x86
		{18B375DA-E94F-408C-9D64-ED65CC298382}.Debug|Mixed Platforms.ActiveCfg = Debug|x86
		{18B375DA-E94F-408C-9D64-ED65CC298382}.Debug|Mixed Platforms.Build.0 = Debug|x86
		{18B375DA-E94F-408C-9D64-ED65CC298382}.Debug|x86.ActiveCfg = Debug|x86
		{18B375DA-E94F-408C-9D64-ED65CC298382}.Debug|x86.Build.0 = Debug|x86
		{18B375DA-E94F-408C-9D64-ED65CC298382}.Release|Any CPU.ActiveCfg = Release|x86
		{18B375DA-E94F-408C-9D64-ED65CC298382}.Release|Mixed Platforms.ActiveCfg = Release|x86
		{18B375DA-E94F-408C-9D64-ED65CC298382}.Release|Mixed Platforms.Build.0 = Release|x86
		{18B375DA-E94F-408C-9D64-ED65CC298382}.Release|x86.ActiveCfg = Release|x86
		{18B375DA-E94F-408C-9D64-ED65CC298382}.Release|x86.Build.0 = Release|x86
		{3947E7BD-C78C-430B-AC7F-1B0426FF1779}.Debug|Any CPU.ActiveCfg = Debug|x86
		{3947E7BD-C78C-430B-AC7F-1B0426FF1779}.Debug|Mixed Platforms.ActiveCfg = Debug|x86
		{3947E7BD-C78C-430B-AC7F-1B0426FF1779}.Debug|Mixed Platforms.Build.0 = Debug|x86
		{3947E7BD-C78C-430B-AC7F-1B0426FF1779}.Debug|x86.ActiveCfg = Debug|x86
		{3947E7BD-C78C-430B-AC7F-1B0426FF1779}.Debug|x86.Build.0 = Debug|x86
		{3947E7BD-C78C-430B-AC7F-1B0426FF1779}.Release|Any CPU.ActiveCfg = Release|x86
		{3947E7BD-C78C-430B-AC7F-1B0426FF1779}.Release|Mixed Platforms.ActiveCfg = Release|x86
		{3947E7BD-C78C-430B-AC7F-1B0426FF1779}.Release|Mixed Platforms.Build.0 = Release|x86
		{3947E7BD-C78C-430B-AC7F-1B0426FF1779}.Release|x86.ActiveCfg = Release|x86
		{3947E7BD-C78C-430B-AC7F-1B0426FF1779}.Release|x86.Build.0 = Release|x86
		{A0358A52-39B5-401B-87F3-41C28747FAE2}.Debug|Any CPU.ActiveCfg = Debug|Any CPU
		{A0358A52-39B5-401B-87F3-41C28747FAE2}.Debug|Any CPU.Build.0 = Debug|Any CPU
		{A0358A52-39B5-401B-87F3-41C28747FAE2}.Debug|Mixed Platforms.ActiveCfg = Debug|Any CPU
		{A0358A52-39B5-401B-87F3-41C28747FAE2}.Debug|Mixed Platforms.Build.0 = Debug|Any CPU
		{A0358A52-39B5-401B-87F3-41C28747FAE2}.Debug|x86.ActiveCfg = Debug|Any CPU
		{A0358A52-39B5-401B-87F3-41C28747FAE2}.Release|Any CPU.ActiveCfg = Release|Any CPU
		{A0358A52-39B5-401B-87F3-41C28747FAE2}.Release|Any CPU.Build.0 = Release|Any CPU
		{A0358A52-39B5-401B-87F3-41C28747FAE2}.Release|Mixed Platforms.ActiveCfg = Release|Any CPU
		{A0358A52-39B5-401B-87F3-41C28747FAE2}.Release|Mixed Platforms.Build.0 = Release|Any CPU
		{A0358A52-39B5-401B-87F3-41C28747FAE2}.Release|x86.ActiveCfg = Release|Any CPU
		{CE60917C-4539-416C-A4B6-FCF822E56A48}.Debug|Any CPU.ActiveCfg = Debug|x86
		{CE60917C-4539-416C-A4B6-FCF822E56A48}.Debug|Mixed Platforms.ActiveCfg = Debug|x86
		{CE60917C-4539-416C-A4B6-FCF822E56A48}.Debug|Mixed Platforms.Build.0 = Debug|x86
		{CE60917C-4539-416C-A4B6-FCF822E56A48}.Debug|x86.ActiveCfg = Debug|x86
		{CE60917C-4539-416C-A4B6-FCF822E56A48}.Debug|x86.Build.0 = Debug|x86
		{CE60917C-4539-416C-A4B6-FCF822E56A48}.Release|Any CPU.ActiveCfg = Release|x86
		{CE60917C-4539-416C-A4B6-FCF822E56A48}.Release|Mixed Platforms.ActiveCfg = Release|x86
		{CE60917C-4539-416C-A4B6-FCF822E56A48}.Release|Mixed Platforms.Build.0 = Release|x86
		{CE60917C-4539-416C-A4B6-FCF822E56A48}.Release|x86.ActiveCfg = Release|x86
		{CE60917C-4539-416C-A4B6-FCF822E56A48}.Release|x86.Build.0 = Release|x86
	EndGlobalSection
	GlobalSection(SolutionProperties) = preSolution
		HideSolutionNode = FALSE
	EndGlobalSection
	GlobalSection(NestedProjects) = preSolution
		{11A72E1B-F0EE-4FBD-B13B-68ABC482AC09} = {13C284B6-BF62-4D51-AEB7-DC6CD469A8D2}
		{F79CC825-F94E-4A6E-A0DC-9C4D44799C4E} = {13C284B6-BF62-4D51-AEB7-DC6CD469A8D2}
		{18B375DA-E94F-408C-9D64-ED65CC298382} = {13C284B6-BF62-4D51-AEB7-DC6CD469A8D2}
		{3947E7BD-C78C-430B-AC7F-1B0426FF1779} = {13C284B6-BF62-4D51-AEB7-DC6CD469A8D2}
		{A0358A52-39B5-401B-87F3-41C28747FAE2} = {13C284B6-BF62-4D51-AEB7-DC6CD469A8D2}
		{CE60917C-4539-416C-A4B6-FCF822E56A48} = {13C284B6-BF62-4D51-AEB7-DC6CD469A8D2}
	EndGlobalSection
EndGlobal
